
Microsoft Visual Studio Solution File, Format Version 12.00
# Visual Studio Version 17
VisualStudioVersion = 17.4.33205.214
MinimumVisualStudioVersion = 10.0.40219.1
Project("{FAE04EC0-301F-11D3-BF4B-00C04F79EFBC}") = "OperatorOverload", "OperatorOverload\OperatorOverload.csproj", "{9AC04B79-A605-42FD-AFCB-0A99C34FEE05}"
EndProject
Global
	GlobalSection(SolutionConfigurationPlatforms) = preSolution
		Debug|Any CPU = Debug|Any CPU
		Release|Any CPU = Release|Any CPU
	EndGlobalSection
	GlobalSection(ProjectConfigurationPlatforms) = postSolution
		{9AC04B79-A605-42FD-AFCB-0A99C34FEE05}.Debug|Any CPU.ActiveCfg = Debug|Any CPU
		{9AC04B79-A605-42FD-AFCB-0A99C34FEE05}.Debug|Any CPU.Build.0 = Debug|Any CPU
		{9AC04B79-A605-42FD-AFCB-0A99C34FEE05}.Release|Any CPU.ActiveCfg = Release|Any CPU
		{9AC04B79-A605-42FD-AFCB-0A99C34FEE05}.Release|Any CPU.Build.0 = Release|Any CPU
	EndGlobalSection
	GlobalSection(SolutionProperties) = preSolution
		HideSolutionNode = FALSE
	EndGlobalSection
	GlobalSection(ExtensibilityGlobals) = postSolution
		SolutionGuid = {78C1AF25-B41C-4884-8CFA-8672DA72663F}
	EndGlobalSection
EndGlobal
